# This file is automatically @generated by Cargo.
# It is not intended for manual editing.
version = 3

[[package]]
name = "chemcore"
version = "0.2.1"
source = "registry+https://github.com/rust-lang/crates.io-index"
checksum = "5ae19edcb9f093aef7b95ea888447eed24bc0062a84f81515c5b49963bd451a4"
dependencies = [
 "gamma",
 "purr",
]

[[package]]
name = "gamma"
version = "0.6.1"
source = "registry+https://github.com/rust-lang/crates.io-index"
checksum = "1ec114bd5b1696cc820e1b3ea4c1f27ad3d771bc1b43522f3b4bf59fdb632520"

[[package]]
name = "purr"
version = "0.6.3"
source = "registry+https://github.com/rust-lang/crates.io-index"
checksum = "5f5be343c265dbe00204af27ce42b8f5e905a965d97985dbde974e25bf25e451"

[[package]]
name = "smival"
version = "0.1.0"
dependencies = [
 "chemcore",
]
